// !$*UTF8*$!
{
	archiveVersion = 1;
	classes = {
	};
	objectVersion = 50;
	objects = {

/* Begin PBXBuildFile section */
		C829104537B7ACEA6ACB89D5 /* Pods_rxSwiftDemo.framework in Frameworks */ = {isa = PBXBuildFile; fileRef = CD8AF0E5F9CA8D77432FF877 /* Pods_rxSwiftDemo.framework */; };
		CE5C6F8C22FE865C00A61E14 /* AppDelegate.swift in Sources */ = {isa = PBXBuildFile; fileRef = CE5C6F8B22FE865C00A61E14 /* AppDelegate.swift */; };
		CE5C6F8E22FE865C00A61E14 /* ViewController.swift in Sources */ = {isa = PBXBuildFile; fileRef = CE5C6F8D22FE865C00A61E14 /* ViewController.swift */; };
		CE5C6F9122FE865C00A61E14 /* Main.storyboard in Resources */ = {isa = PBXBuildFile; fileRef = CE5C6F8F22FE865C00A61E14 /* Main.storyboard */; };
		CE5C6F9322FE865D00A61E14 /* Assets.xcassets in Resources */ = {isa = PBXBuildFile; fileRef = CE5C6F9222FE865D00A61E14 /* Assets.xcassets */; };
		CE5C6F9622FE865D00A61E14 /* LaunchScreen.storyboard in Resources */ = {isa = PBXBuildFile; fileRef = CE5C6F9422FE865D00A61E14 /* LaunchScreen.storyboard */; };
/* End PBXBuildFile section */

/* Begin PBXFileReference section */
		35E194FA6C41FC68E1F25BE2 /* Pods-rxSwiftDemo.release.xcconfig */ = {isa = PBXFileReference; includeInIndex = 1; lastKnownFileType = text.xcconfig; name = "Pods-rxSwiftDemo.release.xcconfig"; path = "Target Support Files/Pods-rxSwiftDemo/Pods-rxSwiftDemo.release.xcconfig"; sourceTree = "<group>"; };
		8E67AED7C6E20E553A024ABD /* Pods-rxSwiftDemo.debug.xcconfig */ = {isa = PBXFileReference; includeInIndex = 1; lastKnownFileType = text.xcconfig; name = "Pods-rxSwiftDemo.debug.xcconfig"; path = "Target Support Files/Pods-rxSwiftDemo/Pods-rxSwiftDemo.debug.xcconfig"; sourceTree = "<group>"; };
		CD8AF0E5F9CA8D77432FF877 /* Pods_rxSwiftDemo.framework */ = {isa = PBXFileReference; explicitFileType = wrapper.framework; includeInIndex = 0; path = Pods_rxSwiftDemo.framework; sourceTree = BUILT_PRODUCTS_DIR; };
		CE5C6F8822FE865C00A61E14 /* rxSwiftDemo.app */ = {isa = PBXFileReference; explicitFileType = wrapper.application; includeInIndex = 0; path = rxSwiftDemo.app; sourceTree = BUILT_PRODUCTS_DIR; };
		CE5C6F8B22FE865C00A61E14 /* AppDelegate.swift */ = {isa = PBXFileReference; lastKnownFileType = sourcecode.swift; path = AppDelegate.swift; sourceTree = "<group>"; };
		CE5C6F8D22FE865C00A61E14 /* ViewController.swift */ = {isa = PBXFileReference; lastKnownFileType = sourcecode.swift; path = ViewController.swift; sourceTree = "<group>"; };
		CE5C6F9022FE865C00A61E14 /* Base */ = {isa = PBXFileReference; lastKnownFileType = file.storyboard; name = Base; path = Base.lproj/Main.storyboard; sourceTree = "<group>"; };
		CE5C6F9222FE865D00A61E14 /* Assets.xcassets */ = {isa = PBXFileReference; lastKnownFileType = folder.assetcatalog; path = Assets.xcassets; sourceTree = "<group>"; };
		CE5C6F9522FE865D00A61E14 /* Base */ = {isa = PBXFileReference; lastKnownFileType = file.storyboard; name = Base; path = Base.lproj/LaunchScreen.storyboard; sourceTree = "<group>"; };
		CE5C6F9722FE865D00A61E14 /* Info.plist */ = {isa = PBXFileReference; lastKnownFileType = text.plist.xml; path = Info.plist; sourceTree = "<group>"; };
/* End PBXFileReference section */

/* Begin PBXFrameworksBuildPhase section */
		CE5C6F8522FE865C00A61E14 /* Frameworks */ = {
			isa = PBXFrameworksBuildPhase;
			buildActionMask = 2147483647;
			files = (
				C829104537B7ACEA6ACB89D5 /* Pods_rxSwiftDemo.framework in Frameworks */,
			);
			runOnlyForDeploymentPostprocessing = 0;
		};
/* End PBXFrameworksBuildPhase section */

/* Begin PBXGroup section */
		3FB9674CADB67EB3983F0F08 /* Frameworks */ = {
			isa = PBXGroup;
			children = (
				CD8AF0E5F9CA8D77432FF877 /* Pods_rxSwiftDemo.framework */,
			);
			name = Frameworks;
			sourceTree = "<group>";
		};
		9367429C1276D75851C2ACFA /* Pods */ = {
			isa = PBXGroup;
			children = (
				8E67AED7C6E20E553A024ABD /* Pods-rxSwiftDemo.debug.xcconfig */,
				35E194FA6C41FC68E1F25BE2 /* Pods-rxSwiftDemo.release.xcconfig */,
			);
			path = Pods;
			sourceTree = "<group>";
		};
		CE5C6F7F22FE865C00A61E14 = {
			isa = PBXGroup;
			children = (
				CE5C6F8A22FE865C00A61E14 /* rxSwiftDemo */,
				CE5C6F8922FE865C00A61E14 /* Products */,
				9367429C1276D75851C2ACFA /* Pods */,
				3FB9674CADB67EB3983F0F08 /* Frameworks */,
			);
			sourceTree = "<group>";
		};
		CE5C6F8922FE865C00A61E14 /* Products */ = {
			isa = PBXGroup;
			children = (
				CE5C6F8822FE865C00A61E14 /* rxSwiftDemo.app */,
			);
			name = Products;
			sourceTree = "<group>";
		};
		CE5C6F8A22FE865C00A61E14 /* rxSwiftDemo */ = {
			isa = PBXGroup;
			children = (
				CE5C6F8B22FE865C00A61E14 /* AppDelegate.swift */,
				CE5C6F8D22FE865C00A61E14 /* ViewController.swift */,
				CE5C6F8F22FE865C00A61E14 /* Main.storyboard */,
				CE5C6F9222FE865D00A61E14 /* Assets.xcassets */,
				CE5C6F9422FE865D00A61E14 /* LaunchScreen.storyboard */,
				CE5C6F9722FE865D00A61E14 /* Info.plist */,
			);
			path = rxSwiftDemo;
			sourceTree = "<group>";
		};
/* End PBXGroup section */

/* Begin PBXNativeTarget section */
		CE5C6F8722FE865C00A61E14 /* rxSwiftDemo */ = {
			isa = PBXNativeTarget;
			buildConfigurationList = CE5C6F9A22FE865D00A61E14 /* Build configuration list for PBXNativeTarget "rxSwiftDemo" */;
			buildPhases = (
				4A17871DFEB7E28D95347E36 /* [CP] Check Pods Manifest.lock */,
				CE5C6F8422FE865C00A61E14 /* Sources */,
				CE5C6F8522FE865C00A61E14 /* Frameworks */,
				CE5C6F8622FE865C00A61E14 /* Resources */,
				C329215F9EA9D90A48FEA6A1 /* [CP] Embed Pods Frameworks */,
			);
			buildRules = (
			);
			dependencies = (
			);
			name = rxSwiftDemo;
			productName = rxSwiftDemo;
			productReference = CE5C6F8822FE865C00A61E14 /* rxSwiftDemo.app */;
			productType = "com.apple.product-type.application";
		};
/* End PBXNativeTarget section */

/* Begin PBXProject section */
		CE5C6F8022FE865C00A61E14 /* Project object */ = {
			isa = PBXProject;
			attributes = {
				LastSwiftUpdateCheck = 1010;
				LastUpgradeCheck = 1010;
				ORGANIZATIONNAME = thinhngo;
				TargetAttributes = {
					CE5C6F8722FE865C00A61E14 = {
						CreatedOnToolsVersion = 10.1;
					};
				};
			};
			buildConfigurationList = CE5C6F8322FE865C00A61E14 /* Build configuration list for PBXProject "rxSwiftDemo" */;
			compatibilityVersion = "Xcode 9.3";
			developmentRegion = en;
			hasScannedForEncodings = 0;
			knownRegions = (
				en,
				Base,
			);
			mainGroup = CE5C6F7F22FE865C00A61E14;
			productRefGroup = CE5C6F8922FE865C00A61E14 /* Products */;
			projectDirPath = "";
			projectRoot = "";
			targets = (
				CE5C6F8722FE865C00A61E14 /* rxSwiftDemo */,
			);
		};
/* End PBXProject section */

/* Begin PBXResourcesBuildPhase section */
		CE5C6F8622FE865C00A61E14 /* Resources */ = {
			isa = PBXResourcesBuildPhase;
			buildActionMask = 2147483647;
			files = (
				CE5C6F9622FE865D00A61E14 /* LaunchScreen.storyboard in Resources */,
				CE5C6F9322FE865D00A61E14 /* Assets.xcassets in Resources */,
				CE5C6F9122FE865C00A61E14 /* Main.storyboard in Resources */,
			);
			runOnlyForDeploymentPostprocessing = 0;
		};
/* End PBXResourcesBuildPhase section */

/* Begin PBXShellScriptBuildPhase section */
		4A17871DFEB7E28D95347E36 /* [CP] Check Pods Manifest.lock */ = {
			isa = PBXShellScriptBuildPhase;
			buildActionMask = 2147483647;
			files = (
			);
			inputFileListPaths = (
			);
			inputPaths = (
				"${PODS_PODFILE_DIR_PATH}/Podfile.lock",
				"${PODS_ROOT}/Manifest.lock",
			);
			name = "[CP] Check Pods Manifest.lock";
			outputFileListPaths = (
			);
			outputPaths = (
				"$(DERIVED_FILE_DIR)/Pods-rxSwiftDemo-checkManifestLockResult.txt",
			);
			runOnlyForDeploymentPostprocessing = 0;
			shellPath = /bin/sh;
			shellScript = "diff \"${PODS_PODFILE_DIR_PATH}/Podfile.lock\" \"${PODS_ROOT}/Manifest.lock\" > /dev/null\nif [ $? != 0 ] ; then\n    # print error to STDERR\n    echo \"error: The sandbox is not in sync with the Podfile.lock. Run 'pod install' or update your CocoaPods installation.\" >&2\n    exit 1\nfi\n# This output is used by Xcode 'outputs' to avoid re-running this script phase.\necho \"SUCCESS\" > \"${SCRIPT_OUTPUT_FILE_0}\"\n";
			showEnvVarsInLog = 0;
		};
		C329215F9EA9D90A48FEA6A1 /* [CP] Embed Pods Frameworks */ = {
			isa = PBXShellScriptBuildPhase;
			buildActionMask = 2147483647;
			files = (
			);
			inputFileListPaths = (
			);
			inputPaths = (
				"${PODS_ROOT}/Target Support Files/Pods-rxSwiftDemo/Pods-rxSwiftDemo-frameworks.sh",
				"${BUILT_PRODUCTS_DIR}/RxAtomic/RxAtomic.framework",
				"${BUILT_PRODUCTS_DIR}/RxCocoa/RxCocoa.framework",
				"${BUILT_PRODUCTS_DIR}/RxSwift/RxSwift.framework",
			);
			name = "[CP] Embed Pods Frameworks";
			outputFileListPaths = (
			);
			outputPaths = (
				"${TARGET_BUILD_DIR}/${FRAMEWORKS_FOLDER_PATH}/RxAtomic.framework",
				"${TARGET_BUILD_DIR}/${FRAMEWORKS_FOLDER_PATH}/RxCocoa.framework",
				"${TARGET_BUILD_DIR}/${FRAMEWORKS_FOLDER_PATH}/RxSwift.framework",
			);
			runOnlyForDeploymentPostprocessing = 0;
			shellPath = /bin/sh;
			shellScript = "\"${PODS_ROOT}/Target Support Files/Pods-rxSwiftDemo/Pods-rxSwiftDemo-frameworks.sh\"\n";
			showEnvVarsInLog = 0;
		};
/* End PBXShellScriptBuildPhase section */

/* Begin PBXSourcesBuildPhase section */
		CE5C6F8422FE865C00A61E14 /* Sources */ = {
			isa = PBXSourcesBuildPhase;
			buildActionMask = 2147483647;
			files = (
				CE5C6F8E22FE865C00A61E14 /* ViewController.swift in Sources */,
				CE5C6F8C22FE865C00A61E14 /* AppDelegate.swift in Sources */,
			);
			runOnlyForDeploymentPostprocessing = 0;
		};
/* End PBXSourcesBuildPhase section */

/* Begin PBXVariantGroup section */
		CE5C6F8F22FE865C00A61E14 /* Main.storyboard */ = {
			isa = PBXVariantGroup;
			children = (
				CE5C6F9022FE865C00A61E14 /* Base */,
			);
			name = Main.storyboard;
			sourceTree = "<group>";
		};
		CE5C6F9422FE865D00A61E14 /* LaunchScreen.storyboard */ = {
			isa = PBXVariantGroup;
			children = (
				CE5C6F9522FE865D00A61E14 /* Base */,
			);
			name = LaunchScreen.storyboard;
			sourceTree = "<group>";
		};
/* End PBXVariantGroup section */

/* Begin XCBuildConfiguration section */
		CE5C6F9822FE865D00A61E14 /* Debug */ = {
			isa = XCBuildConfiguration;
			buildSettings = {
				ALWAYS_SEARCH_USER_PATHS = NO;
				CLANG_ANALYZER_NONNULL = YES;
				CLANG_ANALYZER_NUMBER_OBJECT_CONVERSION = YES_AGGRESSIVE;
				CLANG_CXX_LANGUAGE_STANDARD = "gnu++14";
				CLANG_CXX_LIBRARY = "libc++";
				CLANG_ENABLE_MODULES = YES;
				CLANG_ENABLE_OBJC_ARC = YES;
				CLANG_ENABLE_OBJC_WEAK = YES;
				CLANG_WARN_BLOCK_CAPTURE_AUTORELEASING = YES;
				CLANG_WARN_BOOL_CONVERSION = YES;
				CLANG_WARN_COMMA = YES;
				CLANG_WARN_CONSTANT_CONVERSION = YES;
				CLANG_WARN_DEPRECATED_OBJC_IMPLEMENTATIONS = YES;
				CLANG_WARN_DIRECT_OBJC_ISA_USAGE = YES_ERROR;
				CLANG_WARN_DOCUMENTATION_COMMENTS = YES;
				CLANG_WARN_EMPTY_BODY = YES;
				CLANG_WARN_ENUM_CONVERSION = YES;
				CLANG_WARN_INFINITE_RECURSION = YES;
				CLANG_WARN_INT_CONVERSION = YES;
				CLANG_WARN_NON_LITERAL_NULL_CONVERSION = YES;
				CLANG_WARN_OBJC_IMPLICIT_RETAIN_SELF = YES;
				CLANG_WARN_OBJC_LITERAL_CONVERSION = YES;
				CLANG_WARN_OBJC_ROOT_CLASS = YES_ERROR;
				CLANG_WARN_RANGE_LOOP_ANALYSIS = YES;
				CLANG_WARN_STRICT_PROTOTYPES = YES;
				CLANG_WARN_SUSPICIOUS_MOVE = YES;
				CLANG_WARN_UNGUARDED_AVAILABILITY = YES_AGGRESSIVE;
				CLANG_WARN_UNREACHABLE_CODE = YES;
				CLANG_WARN__DUPLICATE_METHOD_MATCH = YES;
				CODE_SIGN_IDENTITY = "iPhone Developer";
				COPY_PHASE_STRIP = NO;
				DEBUG_INFORMATION_FORMAT = dwarf;
				ENABLE_STRICT_OBJC_MSGSEND = YES;
				ENABLE_TESTABILITY = YES;
				GCC_C_LANGUAGE_STANDARD = gnu11;
				GCC_DYNAMIC_NO_PIC = NO;
				GCC_NO_COMMON_BLOCKS = YES;
				GCC_OPTIMIZATION_LEVEL = 0;
				GCC_PREPROCESSOR_DEFINITIONS = (
					"DEBUG=1",
					"$(inherited)",
				);
				GCC_WARN_64_TO_32_BIT_CONVERSION = YES;
				GCC_WARN_ABOUT_RETURN_TYPE = YES_ERROR;
				GCC_WARN_UNDECLARED_SELECTOR = YES;
				GCC_WARN_UNINITIALIZED_AUTOS = YES_AGGRESSIVE;
				GCC_WARN_UNUSED_FUNCTION = YES;
				GCC_WARN_UNUSED_VARIABLE = YES;
				IPHONEOS_DEPLOYMENT_TARGET = 12.1;
				MTL_ENABLE_DEBUG_INFO = INCLUDE_SOURCE;
				MTL_FAST_MATH = YES;
				ONLY_ACTIVE_ARCH = YES;
				SDKROOT = iphoneos;
				SWIFT_ACTIVE_COMPILATION_CONDITIONS = DEBUG;
				SWIFT_OPTIMIZATION_LEVEL = "-Onone";
			};
			name = Debug;
		};
		CE5C6F9922FE865D00A61E14 /* Release */ = {
			isa = XCBuildConfiguration;
			buildSettings = {
				ALWAYS_SEARCH_USER_PATHS = NO;
				CLANG_ANALYZER_NONNULL = YES;
				CLANG_ANALYZER_NUMBER_OBJECT_CONVERSION = YES_AGGRESSIVE;
				CLANG_CXX_LANGUAGE_STANDARD = "gnu++14";
				CLANG_CXX_LIBRARY = "libc++";
				CLANG_ENABLE_MODULES = YES;
				CLANG_ENABLE_OBJC_ARC = YES;
				CLANG_ENABLE_OBJC_WEAK = YES;
				CLANG_WARN_BLOCK_CAPTURE_AUTORELEASING = YES;
				CLANG_WARN_BOOL_CONVERSION = YES;
				CLANG_WARN_COMMA = YES;
				CLANG_WARN_CONSTANT_CONVERSION = YES;
				CLANG_WARN_DEPRECATED_OBJC_IMPLEMENTATIONS = YES;
				CLANG_WARN_DIRECT_OBJC_ISA_USAGE = YES_ERROR;
				CLANG_WARN_DOCUMENTATION_COMMENTS = YES;
				CLANG_WARN_EMPTY_BODY = YES;
				CLANG_WARN_ENUM_CONVERSION = YES;
				CLANG_WARN_INFINITE_RECURSION = YES;
				CLANG_WARN_INT_CONVERSION = YES;
				CLANG_WARN_NON_LITERAL_NULL_CONVERSION = YES;
				CLANG_WARN_OBJC_IMPLICIT_RETAIN_SELF = YES;
				CLANG_WARN_OBJC_LITERAL_CONVERSION = YES;
				CLANG_WARN_OBJC_ROOT_CLASS = YES_ERROR;
				CLANG_WARN_RANGE_LOOP_ANALYSIS = YES;
				CLANG_WARN_STRICT_PROTOTYPES = YES;
				CLANG_WARN_SUSPICIOUS_MOVE = YES;
				CLANG_WARN_UNGUARDED_AVAILABILITY = YES_AGGRESSIVE;
				CLANG_WARN_UNREACHABLE_CODE = YES;
				CLANG_WARN__DUPLICATE_METHOD_MATCH = YES;
				CODE_SIGN_IDENTITY = "iPhone Developer";
				COPY_PHASE_STRIP = NO;
				DEBUG_INFORMATION_FORMAT = "dwarf-with-dsym";
				ENABLE_NS_ASSERTIONS = NO;
				ENABLE_STRICT_OBJC_MSGSEND = YES;
				GCC_C_LANGUAGE_STANDARD = gnu11;
				GCC_NO_COMMON_BLOCKS = YES;
				GCC_WARN_64_TO_32_BIT_CONVERSION = YES;
				GCC_WARN_ABOUT_RETURN_TYPE = YES_ERROR;
				GCC_WARN_UNDECLARED_SELECTOR = YES;
				GCC_WARN_UNINITIALIZED_AUTOS = YES_AGGRESSIVE;
				GCC_WARN_UNUSED_FUNCTION = YES;
				GCC_WARN_UNUSED_VARIABLE = YES;
				IPHONEOS_DEPLOYMENT_TARGET = 12.1;
				MTL_ENABLE_DEBUG_INFO = NO;
				MTL_FAST_MATH = YES;
				SDKROOT = iphoneos;
				SWIFT_COMPILATION_MODE = wholemodule;
				SWIFT_OPTIMIZATION_LEVEL = "-O";
				VALIDATE_PRODUCT = YES;
			};
			name = Release;
		};
		CE5C6F9B22FE865D00A61E14 /* Debug */ = {
			isa = XCBuildConfiguration;
			baseConfigurationReference = 8E67AED7C6E20E553A024ABD /* Pods-rxSwiftDemo.debug.xcconfig */;
			buildSettings = {
				ASSETCATALOG_COMPILER_APPICON_NAME = AppIcon;
				CODE_SIGN_STYLE = Automatic;
				INFOPLIST_FILE = rxSwiftDemo/Info.plist;
				LD_RUNPATH_SEARCH_PATHS = (
					"$(inherited)",
					"@executable_path/Frameworks",
				);
				PRODUCT_BUNDLE_IDENTIFIER = com.thinhngo.rxSwiftDemo;
				PRODUCT_NAME = "$(TARGET_NAME)";
				SWIFT_VERSION = 4.2;
				TARGETED_DEVICE_FAMILY = "1,2";
			};
			name = Debug;
		};
		CE5C6F9C22FE865D00A61E14 /* Release */ = {
			isa = XCBuildConfiguration;
			baseConfigurationReference = 35E194FA6C41FC68E1F25BE2 /* Pods-rxSwiftDemo.release.xcconfig */;
			buildSettings = {
				ASSETCATALOG_COMPILER_APPICON_NAME = AppIcon;
				CODE_SIGN_STYLE = Automatic;
				INFOPLIST_FILE = rxSwiftDemo/Info.plist;
				LD_RUNPATH_SEARCH_PATHS = (
					"$(inherited)",
					"@executable_path/Frameworks",
				);
				PRODUCT_BUNDLE_IDENTIFIER = com.thinhngo.rxSwiftDemo;
				PRODUCT_NAME = "$(TARGET_NAME)";
				SWIFT_VERSION = 4.2;
				TARGETED_DEVICE_FAMILY = "1,2";
			};
			name = Release;
		};
/* End XCBuildConfiguration section */

/* Begin XCConfigurationList section */
		CE5C6F8322FE865C00A61E14 /* Build configuration list for PBXProject "rxSwiftDemo" */ = {
			isa = XCConfigurationList;
			buildConfigurations = (
				CE5C6F9822FE865D00A61E14 /* Debug */,
				CE5C6F9922FE865D00A61E14 /* Release */,
			);
			defaultConfigurationIsVisible = 0;
			defaultConfigurationName = Release;
		};
		CE5C6F9A22FE865D00A61E14 /* Build configuration list for PBXNativeTarget "rxSwiftDemo" */ = {
			isa = XCConfigurationList;
			buildConfigurations = (
				CE5C6F9B22FE865D00A61E14 /* Debug */,
				CE5C6F9C22FE865D00A61E14 /* Release */,
			);
			defaultConfigurationIsVisible = 0;
			defaultConfigurationName = Release;
		};
/* End XCConfigurationList section */
	};
	rootObject = CE5C6F8022FE865C00A61E14 /* Project object */;
}
