// !$*UTF8*$!
{
	archiveVersion = 1;
	classes = {
	};
	objectVersion = 50;
	objects = {

/* Begin PBXBuildFile section */
		5F33B4A366CB21721DFC4A14 /* Pods_rxSwiftDemo.framework in Frameworks */ = {isa = PBXBuildFile; fileRef = B1BE8EC286C900B7EBB1C4B1 /* Pods_rxSwiftDemo.framework */; };
		CEB40C832302EFC7005B22A6 /* AppDelegate.swift in Sources */ = {isa = PBXBuildFile; fileRef = CEB40C822302EFC7005B22A6 /* AppDelegate.swift */; };
		CEB40C852302EFC7005B22A6 /* ViewController.swift in Sources */ = {isa = PBXBuildFile; fileRef = CEB40C842302EFC7005B22A6 /* ViewController.swift */; };
		CEB40C882302EFC7005B22A6 /* Main.storyboard in Resources */ = {isa = PBXBuildFile; fileRef = CEB40C862302EFC7005B22A6 /* Main.storyboard */; };
		CEB40C8A2302EFC8005B22A6 /* Assets.xcassets in Resources */ = {isa = PBXBuildFile; fileRef = CEB40C892302EFC8005B22A6 /* Assets.xcassets */; };
		CEB40C8D2302EFC8005B22A6 /* LaunchScreen.storyboard in Resources */ = {isa = PBXBuildFile; fileRef = CEB40C8B2302EFC8005B22A6 /* LaunchScreen.storyboard */; };
/* End PBXBuildFile section */

/* Begin PBXFileReference section */
		B1BE8EC286C900B7EBB1C4B1 /* Pods_rxSwiftDemo.framework */ = {isa = PBXFileReference; explicitFileType = wrapper.framework; includeInIndex = 0; path = Pods_rxSwiftDemo.framework; sourceTree = BUILT_PRODUCTS_DIR; };
		B41B7382097C49EFA2A2F86A /* Pods-rxSwiftDemo.release.xcconfig */ = {isa = PBXFileReference; includeInIndex = 1; lastKnownFileType = text.xcconfig; name = "Pods-rxSwiftDemo.release.xcconfig"; path = "Target Support Files/Pods-rxSwiftDemo/Pods-rxSwiftDemo.release.xcconfig"; sourceTree = "<group>"; };
		CEB40C7F2302EFC7005B22A6 /* rxSwiftDemo.app */ = {isa = PBXFileReference; explicitFileType = wrapper.application; includeInIndex = 0; path = rxSwiftDemo.app; sourceTree = BUILT_PRODUCTS_DIR; };
		CEB40C822302EFC7005B22A6 /* AppDelegate.swift */ = {isa = PBXFileReference; lastKnownFileType = sourcecode.swift; path = AppDelegate.swift; sourceTree = "<group>"; };
		CEB40C842302EFC7005B22A6 /* ViewController.swift */ = {isa = PBXFileReference; lastKnownFileType = sourcecode.swift; path = ViewController.swift; sourceTree = "<group>"; };
		CEB40C872302EFC7005B22A6 /* Base */ = {isa = PBXFileReference; lastKnownFileType = file.storyboard; name = Base; path = Base.lproj/Main.storyboard; sourceTree = "<group>"; };
		CEB40C892302EFC8005B22A6 /* Assets.xcassets */ = {isa = PBXFileReference; lastKnownFileType = folder.assetcatalog; path = Assets.xcassets; sourceTree = "<group>"; };
		CEB40C8C2302EFC8005B22A6 /* Base */ = {isa = PBXFileReference; lastKnownFileType = file.storyboard; name = Base; path = Base.lproj/LaunchScreen.storyboard; sourceTree = "<group>"; };
		CEB40C8E2302EFC8005B22A6 /* Info.plist */ = {isa = PBXFileReference; lastKnownFileType = text.plist.xml; path = Info.plist; sourceTree = "<group>"; };
		D49A3FED189C3057F8401FF5 /* Pods-rxSwiftDemo.debug.xcconfig */ = {isa = PBXFileReference; includeInIndex = 1; lastKnownFileType = text.xcconfig; name = "Pods-rxSwiftDemo.debug.xcconfig"; path = "Target Support Files/Pods-rxSwiftDemo/Pods-rxSwiftDemo.debug.xcconfig"; sourceTree = "<group>"; };
/* End PBXFileReference section */

/* Begin PBXFrameworksBuildPhase section */
		CEB40C7C2302EFC7005B22A6 /* Frameworks */ = {
			isa = PBXFrameworksBuildPhase;
			buildActionMask = 2147483647;
			files = (
				5F33B4A366CB21721DFC4A14 /* Pods_rxSwiftDemo.framework in Frameworks */,
			);
			runOnlyForDeploymentPostprocessing = 0;
		};
/* End PBXFrameworksBuildPhase section */

/* Begin PBXGroup section */
		07992BBD05BFEFC9F39127FA /* Frameworks */ = {
			isa = PBXGroup;
			children = (
				B1BE8EC286C900B7EBB1C4B1 /* Pods_rxSwiftDemo.framework */,
			);
			name = Frameworks;
			sourceTree = "<group>";
		};
		3DBA7528C8898AF06284338C /* Pods */ = {
			isa = PBXGroup;
			children = (
				D49A3FED189C3057F8401FF5 /* Pods-rxSwiftDemo.debug.xcconfig */,
				B41B7382097C49EFA2A2F86A /* Pods-rxSwiftDemo.release.xcconfig */,
			);
			name = Pods;
			path = Pods;
			sourceTree = "<group>";
		};
		CEB40C762302EFC7005B22A6 = {
			isa = PBXGroup;
			children = (
				CEB40C812302EFC7005B22A6 /* rxSwiftDemo */,
				CEB40C802302EFC7005B22A6 /* Products */,
				3DBA7528C8898AF06284338C /* Pods */,
				07992BBD05BFEFC9F39127FA /* Frameworks */,
			);
			sourceTree = "<group>";
		};
		CEB40C802302EFC7005B22A6 /* Products */ = {
			isa = PBXGroup;
			children = (
				CEB40C7F2302EFC7005B22A6 /* rxSwiftDemo.app */,
			);
			name = Products;
			sourceTree = "<group>";
		};
		CEB40C812302EFC7005B22A6 /* rxSwiftDemo */ = {
			isa = PBXGroup;
			children = (
				CEB40C822302EFC7005B22A6 /* AppDelegate.swift */,
				CEB40C842302EFC7005B22A6 /* ViewController.swift */,
				CEB40C862302EFC7005B22A6 /* Main.storyboard */,
				CEB40C892302EFC8005B22A6 /* Assets.xcassets */,
				CEB40C8B2302EFC8005B22A6 /* LaunchScreen.storyboard */,
				CEB40C8E2302EFC8005B22A6 /* Info.plist */,
			);
			path = rxSwiftDemo;
			sourceTree = "<group>";
		};
/* End PBXGroup section */

/* Begin PBXNativeTarget section */
		CEB40C7E2302EFC7005B22A6 /* rxSwiftDemo */ = {
			isa = PBXNativeTarget;
			buildConfigurationList = CEB40C912302EFC8005B22A6 /* Build configuration list for PBXNativeTarget "rxSwiftDemo" */;
			buildPhases = (
				E9ED92A5ADEEA8DC999631C4 /* [CP] Check Pods Manifest.lock */,
				CEB40C7B2302EFC7005B22A6 /* Sources */,
				CEB40C7C2302EFC7005B22A6 /* Frameworks */,
				CEB40C7D2302EFC7005B22A6 /* Resources */,
				D9DEA3CC773A9F2DADA27891 /* [CP] Embed Pods Frameworks */,
			);
			buildRules = (
			);
			dependencies = (
			);
			name = rxSwiftDemo;
			productName = rxSwiftDemo;
			productReference = CEB40C7F2302EFC7005B22A6 /* rxSwiftDemo.app */;
			productType = "com.apple.product-type.application";
		};
/* End PBXNativeTarget section */

/* Begin PBXProject section */
		CEB40C772302EFC7005B22A6 /* Project object */ = {
			isa = PBXProject;
			attributes = {
				LastSwiftUpdateCheck = 1030;
				LastUpgradeCheck = 1030;
				ORGANIZATIONNAME = thinhngo;
				TargetAttributes = {
					CEB40C7E2302EFC7005B22A6 = {
						CreatedOnToolsVersion = 10.3;
					};
				};
			};
			buildConfigurationList = CEB40C7A2302EFC7005B22A6 /* Build configuration list for PBXProject "rxSwiftDemo" */;
			compatibilityVersion = "Xcode 9.3";
			developmentRegion = en;
			hasScannedForEncodings = 0;
			knownRegions = (
				en,
				Base,
			);
			mainGroup = CEB40C762302EFC7005B22A6;
			productRefGroup = CEB40C802302EFC7005B22A6 /* Products */;
			projectDirPath = "";
			projectRoot = "";
			targets = (
				CEB40C7E2302EFC7005B22A6 /* rxSwiftDemo */,
			);
		};
/* End PBXProject section */

/* Begin PBXResourcesBuildPhase section */
		CEB40C7D2302EFC7005B22A6 /* Resources */ = {
			isa = PBXResourcesBuildPhase;
			buildActionMask = 2147483647;
			files = (
				CEB40C8D2302EFC8005B22A6 /* LaunchScreen.storyboard in Resources */,
				CEB40C8A2302EFC8005B22A6 /* Assets.xcassets in Resources */,
				CEB40C882302EFC7005B22A6 /* Main.storyboard in Resources */,
			);
			runOnlyForDeploymentPostprocessing = 0;
		};
/* End PBXResourcesBuildPhase section */

/* Begin PBXShellScriptBuildPhase section */
		D9DEA3CC773A9F2DADA27891 /* [CP] Embed Pods Frameworks */ = {
			isa = PBXShellScriptBuildPhase;
			buildActionMask = 2147483647;
			files = (
			);
			inputFileListPaths = (
			);
			inputPaths = (
				"${PODS_ROOT}/Target Support Files/Pods-rxSwiftDemo/Pods-rxSwiftDemo-frameworks.sh",
				"${BUILT_PRODUCTS_DIR}/RxCocoa/RxCocoa.framework",
				"${BUILT_PRODUCTS_DIR}/RxRelay/RxRelay.framework",
				"${BUILT_PRODUCTS_DIR}/RxSwift/RxSwift.framework",
			);
			name = "[CP] Embed Pods Frameworks";
			outputFileListPaths = (
			);
			outputPaths = (
				"${TARGET_BUILD_DIR}/${FRAMEWORKS_FOLDER_PATH}/RxCocoa.framework",
				"${TARGET_BUILD_DIR}/${FRAMEWORKS_FOLDER_PATH}/RxRelay.framework",
				"${TARGET_BUILD_DIR}/${FRAMEWORKS_FOLDER_PATH}/RxSwift.framework",
			);
			runOnlyForDeploymentPostprocessing = 0;
			shellPath = /bin/sh;
			shellScript = "\"${PODS_ROOT}/Target Support Files/Pods-rxSwiftDemo/Pods-rxSwiftDemo-frameworks.sh\"\n";
			showEnvVarsInLog = 0;
		};
		E9ED92A5ADEEA8DC999631C4 /* [CP] Check Pods Manifest.lock */ = {
			isa = PBXShellScriptBuildPhase;
			buildActionMask = 2147483647;
			files = (
			);
			inputFileListPaths = (
			);
			inputPaths = (
				"${PODS_PODFILE_DIR_PATH}/Podfile.lock",
				"${PODS_ROOT}/Manifest.lock",
			);
			name = "[CP] Check Pods Manifest.lock";
			outputFileListPaths = (
			);
			outputPaths = (
				"$(DERIVED_FILE_DIR)/Pods-rxSwiftDemo-checkManifestLockResult.txt",
			);
			runOnlyForDeploymentPostprocessing = 0;
			shellPath = /bin/sh;
			shellScript = "diff \"${PODS_PODFILE_DIR_PATH}/Podfile.lock\" \"${PODS_ROOT}/Manifest.lock\" > /dev/null\nif [ $? != 0 ] ; then\n    # print error to STDERR\n    echo \"error: The sandbox is not in sync with the Podfile.lock. Run 'pod install' or update your CocoaPods installation.\" >&2\n    exit 1\nfi\n# This output is used by Xcode 'outputs' to avoid re-running this script phase.\necho \"SUCCESS\" > \"${SCRIPT_OUTPUT_FILE_0}\"\n";
			showEnvVarsInLog = 0;
		};
/* End PBXShellScriptBuildPhase section */

/* Begin PBXSourcesBuildPhase section */
		CEB40C7B2302EFC7005B22A6 /* Sources */ = {
			isa = PBXSourcesBuildPhase;
			buildActionMask = 2147483647;
			files = (
				CEB40C852302EFC7005B22A6 /* ViewController.swift in Sources */,
				CEB40C832302EFC7005B22A6 /* AppDelegate.swift in Sources */,
			);
			runOnlyForDeploymentPostprocessing = 0;
		};
/* End PBXSourcesBuildPhase section */

/* Begin PBXVariantGroup section */
		CEB40C862302EFC7005B22A6 /* Main.storyboard */ = {
			isa = PBXVariantGroup;
			children = (
				CEB40C872302EFC7005B22A6 /* Base */,
			);
			name = Main.storyboard;
			sourceTree = "<group>";
		};
		CEB40C8B2302EFC8005B22A6 /* LaunchScreen.storyboard */ = {
			isa = PBXVariantGroup;
			children = (
				CEB40C8C2302EFC8005B22A6 /* Base */,
			);
			name = LaunchScreen.storyboard;
			sourceTree = "<group>";
		};
/* End PBXVariantGroup section */

/* Begin XCBuildConfiguration section */
		CEB40C8F2302EFC8005B22A6 /* Debug */ = {
			isa = XCBuildConfiguration;
			buildSettings = {
				ALWAYS_SEARCH_USER_PATHS = NO;
				CLANG_ANALYZER_NONNULL = YES;
				CLANG_ANALYZER_NUMBER_OBJECT_CONVERSION = YES_AGGRESSIVE;
				CLANG_CXX_LANGUAGE_STANDARD = "gnu++14";
				CLANG_CXX_LIBRARY = "libc++";
				CLANG_ENABLE_MODULES = YES;
				CLANG_ENABLE_OBJC_ARC = YES;
				CLANG_ENABLE_OBJC_WEAK = YES;
				CLANG_WARN_BLOCK_CAPTURE_AUTORELEASING = YES;
				CLANG_WARN_BOOL_CONVERSION = YES;
				CLANG_WARN_COMMA = YES;
				CLANG_WARN_CONSTANT_CONVERSION = YES;
				CLANG_WARN_DEPRECATED_OBJC_IMPLEMENTATIONS = YES;
				CLANG_WARN_DIRECT_OBJC_ISA_USAGE = YES_ERROR;
				CLANG_WARN_DOCUMENTATION_COMMENTS = YES;
				CLANG_WARN_EMPTY_BODY = YES;
				CLANG_WARN_ENUM_CONVERSION = YES;
				CLANG_WARN_INFINITE_RECURSION = YES;
				CLANG_WARN_INT_CONVERSION = YES;
				CLANG_WARN_NON_LITERAL_NULL_CONVERSION = YES;
				CLANG_WARN_OBJC_IMPLICIT_RETAIN_SELF = YES;
				CLANG_WARN_OBJC_LITERAL_CONVERSION = YES;
				CLANG_WARN_OBJC_ROOT_CLASS = YES_ERROR;
				CLANG_WARN_RANGE_LOOP_ANALYSIS = YES;
				CLANG_WARN_STRICT_PROTOTYPES = YES;
				CLANG_WARN_SUSPICIOUS_MOVE = YES;
				CLANG_WARN_UNGUARDED_AVAILABILITY = YES_AGGRESSIVE;
				CLANG_WARN_UNREACHABLE_CODE = YES;
				CLANG_WARN__DUPLICATE_METHOD_MATCH = YES;
				CODE_SIGN_IDENTITY = "iPhone Developer";
				COPY_PHASE_STRIP = NO;
				DEBUG_INFORMATION_FORMAT = dwarf;
				ENABLE_STRICT_OBJC_MSGSEND = YES;
				ENABLE_TESTABILITY = YES;
				GCC_C_LANGUAGE_STANDARD = gnu11;
				GCC_DYNAMIC_NO_PIC = NO;
				GCC_NO_COMMON_BLOCKS = YES;
				GCC_OPTIMIZATION_LEVEL = 0;
				GCC_PREPROCESSOR_DEFINITIONS = (
					"DEBUG=1",
					"$(inherited)",
				);
				GCC_WARN_64_TO_32_BIT_CONVERSION = YES;
				GCC_WARN_ABOUT_RETURN_TYPE = YES_ERROR;
				GCC_WARN_UNDECLARED_SELECTOR = YES;
				GCC_WARN_UNINITIALIZED_AUTOS = YES_AGGRESSIVE;
				GCC_WARN_UNUSED_FUNCTION = YES;
				GCC_WARN_UNUSED_VARIABLE = YES;
				IPHONEOS_DEPLOYMENT_TARGET = 12.4;
				MTL_ENABLE_DEBUG_INFO = INCLUDE_SOURCE;
				MTL_FAST_MATH = YES;
				ONLY_ACTIVE_ARCH = YES;
				SDKROOT = iphoneos;
				SWIFT_ACTIVE_COMPILATION_CONDITIONS = DEBUG;
				SWIFT_OPTIMIZATION_LEVEL = "-Onone";
			};
			name = Debug;
		};
		CEB40C902302EFC8005B22A6 /* Release */ = {
			isa = XCBuildConfiguration;
			buildSettings = {
				ALWAYS_SEARCH_USER_PATHS = NO;
				CLANG_ANALYZER_NONNULL = YES;
				CLANG_ANALYZER_NUMBER_OBJECT_CONVERSION = YES_AGGRESSIVE;
				CLANG_CXX_LANGUAGE_STANDARD = "gnu++14";
				CLANG_CXX_LIBRARY = "libc++";
				CLANG_ENABLE_MODULES = YES;
				CLANG_ENABLE_OBJC_ARC = YES;
				CLANG_ENABLE_OBJC_WEAK = YES;
				CLANG_WARN_BLOCK_CAPTURE_AUTORELEASING = YES;
				CLANG_WARN_BOOL_CONVERSION = YES;
				CLANG_WARN_COMMA = YES;
				CLANG_WARN_CONSTANT_CONVERSION = YES;
				CLANG_WARN_DEPRECATED_OBJC_IMPLEMENTATIONS = YES;
				CLANG_WARN_DIRECT_OBJC_ISA_USAGE = YES_ERROR;
				CLANG_WARN_DOCUMENTATION_COMMENTS = YES;
				CLANG_WARN_EMPTY_BODY = YES;
				CLANG_WARN_ENUM_CONVERSION = YES;
				CLANG_WARN_INFINITE_RECURSION = YES;
				CLANG_WARN_INT_CONVERSION = YES;
				CLANG_WARN_NON_LITERAL_NULL_CONVERSION = YES;
				CLANG_WARN_OBJC_IMPLICIT_RETAIN_SELF = YES;
				CLANG_WARN_OBJC_LITERAL_CONVERSION = YES;
				CLANG_WARN_OBJC_ROOT_CLASS = YES_ERROR;
				CLANG_WARN_RANGE_LOOP_ANALYSIS = YES;
				CLANG_WARN_STRICT_PROTOTYPES = YES;
				CLANG_WARN_SUSPICIOUS_MOVE = YES;
				CLANG_WARN_UNGUARDED_AVAILABILITY = YES_AGGRESSIVE;
				CLANG_WARN_UNREACHABLE_CODE = YES;
				CLANG_WARN__DUPLICATE_METHOD_MATCH = YES;
				CODE_SIGN_IDENTITY = "iPhone Developer";
				COPY_PHASE_STRIP = NO;
				DEBUG_INFORMATION_FORMAT = "dwarf-with-dsym";
				ENABLE_NS_ASSERTIONS = NO;
				ENABLE_STRICT_OBJC_MSGSEND = YES;
				GCC_C_LANGUAGE_STANDARD = gnu11;
				GCC_NO_COMMON_BLOCKS = YES;
				GCC_WARN_64_TO_32_BIT_CONVERSION = YES;
				GCC_WARN_ABOUT_RETURN_TYPE = YES_ERROR;
				GCC_WARN_UNDECLARED_SELECTOR = YES;
				GCC_WARN_UNINITIALIZED_AUTOS = YES_AGGRESSIVE;
				GCC_WARN_UNUSED_FUNCTION = YES;
				GCC_WARN_UNUSED_VARIABLE = YES;
				IPHONEOS_DEPLOYMENT_TARGET = 12.4;
				MTL_ENABLE_DEBUG_INFO = NO;
				MTL_FAST_MATH = YES;
				SDKROOT = iphoneos;
				SWIFT_COMPILATION_MODE = wholemodule;
				SWIFT_OPTIMIZATION_LEVEL = "-O";
				VALIDATE_PRODUCT = YES;
			};
			name = Release;
		};
		CEB40C922302EFC8005B22A6 /* Debug */ = {
			isa = XCBuildConfiguration;
			baseConfigurationReference = D49A3FED189C3057F8401FF5 /* Pods-rxSwiftDemo.debug.xcconfig */;
			buildSettings = {
				ASSETCATALOG_COMPILER_APPICON_NAME = AppIcon;
				CODE_SIGN_STYLE = Automatic;
				INFOPLIST_FILE = rxSwiftDemo/Info.plist;
				LD_RUNPATH_SEARCH_PATHS = (
					"$(inherited)",
					"@executable_path/Frameworks",
				);
				PRODUCT_BUNDLE_IDENTIFIER = com.thinhngo.rxSwiftDemo;
				PRODUCT_NAME = "$(TARGET_NAME)";
				SWIFT_VERSION = 5.0;
				TARGETED_DEVICE_FAMILY = "1,2";
			};
			name = Debug;
		};
		CEB40C932302EFC8005B22A6 /* Release */ = {
			isa = XCBuildConfiguration;
			baseConfigurationReference = B41B7382097C49EFA2A2F86A /* Pods-rxSwiftDemo.release.xcconfig */;
			buildSettings = {
				ASSETCATALOG_COMPILER_APPICON_NAME = AppIcon;
				CODE_SIGN_STYLE = Automatic;
				INFOPLIST_FILE = rxSwiftDemo/Info.plist;
				LD_RUNPATH_SEARCH_PATHS = (
					"$(inherited)",
					"@executable_path/Frameworks",
				);
				PRODUCT_BUNDLE_IDENTIFIER = com.thinhngo.rxSwiftDemo;
				PRODUCT_NAME = "$(TARGET_NAME)";
				SWIFT_VERSION = 5.0;
				TARGETED_DEVICE_FAMILY = "1,2";
			};
			name = Release;
		};
/* End XCBuildConfiguration section */

/* Begin XCConfigurationList section */
		CEB40C7A2302EFC7005B22A6 /* Build configuration list for PBXProject "rxSwiftDemo" */ = {
			isa = XCConfigurationList;
			buildConfigurations = (
				CEB40C8F2302EFC8005B22A6 /* Debug */,
				CEB40C902302EFC8005B22A6 /* Release */,
			);
			defaultConfigurationIsVisible = 0;
			defaultConfigurationName = Release;
		};
		CEB40C912302EFC8005B22A6 /* Build configuration list for PBXNativeTarget "rxSwiftDemo" */ = {
			isa = XCConfigurationList;
			buildConfigurations = (
				CEB40C922302EFC8005B22A6 /* Debug */,
				CEB40C932302EFC8005B22A6 /* Release */,
			);
			defaultConfigurationIsVisible = 0;
			defaultConfigurationName = Release;
		};
/* End XCConfigurationList section */
	};
	rootObject = CEB40C772302EFC7005B22A6 /* Project object */;
}
